
Microsoft Visual Studio Solution File, Format Version 12.00
# Visual Studio Version 16
VisualStudioVersion = 16.0.31112.23
MinimumVisualStudioVersion = 10.0.40219.1
Project("{FAE04EC0-301F-11D3-BF4B-00C04F79EFBC}") = "SimpleWindowsService", "SimpleWindowsService\SimpleWindowsService.csproj", "{78E59622-D27D-418E-9018-D0E664FCBB1D}"
EndProject
Project("{FAE04EC0-301F-11D3-BF4B-00C04F79EFBC}") = "WindowsService-CheckProcess", "WindowsService-CheckProcess\WindowsService-CheckProcess.csproj", "{B9F6599B-9634-4380-A5B5-96E7766925DA}"
EndProject
Project("{FAE04EC0-301F-11D3-BF4B-00C04F79EFBC}") = "WindowsService-CheckConnect-and-CreateReverseShell", "WindowsService-CheckConnect-and-CreateReverseShell\WindowsService-CheckConnect-and-CreateReverseShell.csproj", "{C4A40C2D-0D4B-4B23-98DB-E70C11D268E4}"
EndProject
Global
	GlobalSection(SolutionConfigurationPlatforms) = preSolution
		Debug|Any CPU = Debug|Any CPU
		Release|Any CPU = Release|Any CPU
	EndGlobalSection
	GlobalSection(ProjectConfigurationPlatforms) = postSolution
		{78E59622-D27D-418E-9018-D0E664FCBB1D}.Debug|Any CPU.ActiveCfg = Debug|Any CPU
		{78E59622-D27D-418E-9018-D0E664FCBB1D}.Debug|Any CPU.Build.0 = Debug|Any CPU
		{78E59622-D27D-418E-9018-D0E664FCBB1D}.Release|Any CPU.ActiveCfg = Release|Any CPU
		{78E59622-D27D-418E-9018-D0E664FCBB1D}.Release|Any CPU.Build.0 = Release|Any CPU
		{B9F6599B-9634-4380-A5B5-96E7766925DA}.Debug|Any CPU.ActiveCfg = Debug|Any CPU
		{B9F6599B-9634-4380-A5B5-96E7766925DA}.Debug|Any CPU.Build.0 = Debug|Any CPU
		{B9F6599B-9634-4380-A5B5-96E7766925DA}.Release|Any CPU.ActiveCfg = Release|Any CPU
		{B9F6599B-9634-4380-A5B5-96E7766925DA}.Release|Any CPU.Build.0 = Release|Any CPU
		{C4A40C2D-0D4B-4B23-98DB-E70C11D268E4}.Debug|Any CPU.ActiveCfg = Debug|Any CPU
		{C4A40C2D-0D4B-4B23-98DB-E70C11D268E4}.Debug|Any CPU.Build.0 = Debug|Any CPU
		{C4A40C2D-0D4B-4B23-98DB-E70C11D268E4}.Release|Any CPU.ActiveCfg = Release|Any CPU
		{C4A40C2D-0D4B-4B23-98DB-E70C11D268E4}.Release|Any CPU.Build.0 = Release|Any CPU
	EndGlobalSection
	GlobalSection(SolutionProperties) = preSolution
		HideSolutionNode = FALSE
	EndGlobalSection
	GlobalSection(ExtensibilityGlobals) = postSolution
		SolutionGuid = {D88F8E8F-D308-4527-9AE2-43E81D24DB82}
	EndGlobalSection
EndGlobal
